
Microsoft Visual Studio Solution File, Format Version 12.00
# Visual Studio Version 16
VisualStudioVersion = 16.0.29613.14
MinimumVisualStudioVersion = 10.0.40219.1
Project("{FAE04EC0-301F-11D3-BF4B-00C04F79EFBC}") = "MartianRobots", "MartianRobots\MartianRobots.csproj", "{762CF99F-7A38-410A-A2C1-8C99FCEE2C8C}"
EndProject
Project("{FAE04EC0-301F-11D3-BF4B-00C04F79EFBC}") = "MartianRobotsTest", "MartianRobotsTest\MartianRobotsTest.csproj", "{9EE19070-A59D-4DA6-A04E-E695D77C744F}"
EndProject
Global
	GlobalSection(SolutionConfigurationPlatforms) = preSolution
		Debug|Any CPU = Debug|Any CPU
		Release|Any CPU = Release|Any CPU
	EndGlobalSection
	GlobalSection(ProjectConfigurationPlatforms) = postSolution
		{762CF99F-7A38-410A-A2C1-8C99FCEE2C8C}.Debug|Any CPU.ActiveCfg = Debug|Any CPU
		{762CF99F-7A38-410A-A2C1-8C99FCEE2C8C}.Debug|Any CPU.Build.0 = Debug|Any CPU
		{762CF99F-7A38-410A-A2C1-8C99FCEE2C8C}.Release|Any CPU.ActiveCfg = Release|Any CPU
		{762CF99F-7A38-410A-A2C1-8C99FCEE2C8C}.Release|Any CPU.Build.0 = Release|Any CPU
		{9EE19070-A59D-4DA6-A04E-E695D77C744F}.Debug|Any CPU.ActiveCfg = Debug|Any CPU
		{9EE19070-A59D-4DA6-A04E-E695D77C744F}.Debug|Any CPU.Build.0 = Debug|Any CPU
		{9EE19070-A59D-4DA6-A04E-E695D77C744F}.Release|Any CPU.ActiveCfg = Release|Any CPU
		{9EE19070-A59D-4DA6-A04E-E695D77C744F}.Release|Any CPU.Build.0 = Release|Any CPU
	EndGlobalSection
	GlobalSection(SolutionProperties) = preSolution
		HideSolutionNode = FALSE
	EndGlobalSection
	GlobalSection(ExtensibilityGlobals) = postSolution
		SolutionGuid = {E1914C1E-AEDB-4E74-AD6B-1181E2726663}
	EndGlobalSection
EndGlobal
